
Microsoft Visual Studio Solution File, Format Version 12.00
# Visual Studio Version 16
VisualStudioVersion = 16.0.31424.327
MinimumVisualStudioVersion = 10.0.40219.1
Project("{9A19103F-16F7-4668-BE54-9A1E7A4F7556}") = "BOOP_02_01", "BOOP_02_01\BOOP_02_01.csproj", "{F8DC3283-8F0A-49BD-A7BC-25DB20546488}"
EndProject
Project("{9A19103F-16F7-4668-BE54-9A1E7A4F7556}") = "BOOP_02_02", "BOOP_02_02\BOOP_02_02.csproj", "{43782D24-F71B-4F10-9EE6-DFF0A7FCB707}"
EndProject
Project("{9A19103F-16F7-4668-BE54-9A1E7A4F7556}") = "BOOP_02_04", "BOOP_02_04\BOOP_02_04.csproj", "{A86CC98F-151F-41E5-A208-7248B703C7A6}"
EndProject
Project("{9A19103F-16F7-4668-BE54-9A1E7A4F7556}") = "BOOP_02_03", "BOOP_02_03\BOOP_02_03.csproj", "{EE284E33-A606-47B5-A43E-692AEE320877}"
EndProject
Project("{9A19103F-16F7-4668-BE54-9A1E7A4F7556}") = "BOOP_02_05", "BOOP_02_05\BOOP_02_05.csproj", "{6BCB28D9-6953-4698-A09F-A85497F09821}"
EndProject
Project("{9A19103F-16F7-4668-BE54-9A1E7A4F7556}") = "BOOP_02_06", "BOOP_02_06\BOOP_02_06.csproj", "{439ED88F-841D-4208-89EC-2993DB1983A3}"
EndProject
Project("{9A19103F-16F7-4668-BE54-9A1E7A4F7556}") = "BOOP_02_07", "BOOP_02_07\BOOP_02_07.csproj", "{8B79134A-1DFB-4E7D-A088-FB606C46BECE}"
EndProject
Project("{9A19103F-16F7-4668-BE54-9A1E7A4F7556}") = "BOOP_02_08", "BOOP_02_08\BOOP_02_08.csproj", "{ECB6996B-420C-4644-825C-9991B1565166}"
EndProject
Project("{9A19103F-16F7-4668-BE54-9A1E7A4F7556}") = "BOOP_02_09", "BOOP_02_09\BOOP_02_09.csproj", "{11C2C2FD-473B-43A8-AE78-FE9102EB7046}"
EndProject
Project("{9A19103F-16F7-4668-BE54-9A1E7A4F7556}") = "BOOP_02_10", "BOOP_02_10\BOOP_02_10.csproj", "{2DE5B18B-1231-4913-85EA-07662CCA4DFD}"
EndProject
Project("{9A19103F-16F7-4668-BE54-9A1E7A4F7556}") = "BOOP_02_11", "BOOP_02_11\BOOP_02_11.csproj", "{D2E6D8E2-1614-4F87-9DBF-54158C95737E}"
EndProject
Project("{9A19103F-16F7-4668-BE54-9A1E7A4F7556}") = "BOOP_02_12", "BOOP_02_12\BOOP_02_12.csproj", "{2BB64A25-F5BA-4888-8F09-235F526261CB}"
EndProject
Project("{9A19103F-16F7-4668-BE54-9A1E7A4F7556}") = "BOOP_02_13", "BOOP_02_13\BOOP_02_13.csproj", "{8FFD2DFD-CDA7-44C1-AFA0-9DDE8BCF7612}"
EndProject
Project("{9A19103F-16F7-4668-BE54-9A1E7A4F7556}") = "BOOP_02_14", "BOOP_02_14\BOOP_02_14.csproj", "{BBD4A2D0-2F64-40A5-BA03-DC212D8596B0}"
EndProject
Project("{9A19103F-16F7-4668-BE54-9A1E7A4F7556}") = "BOOP_02_15", "BOOP_02_15\BOOP_02_15.csproj", "{1EE2AC6D-5A94-4C5C-963A-20F476F140C8}"
EndProject
Project("{9A19103F-16F7-4668-BE54-9A1E7A4F7556}") = "BOOP_02_16", "BOOP_02_16\BOOP_02_16.csproj", "{3CCD2AF6-55B0-444A-8F81-3FD6C8E77512}"
EndProject
Project("{9A19103F-16F7-4668-BE54-9A1E7A4F7556}") = "BOOP_02_17", "BOOP_02_17\BOOP_02_17.csproj", "{19C896FA-BB11-4C81-98B7-2A05AA6258B6}"
EndProject
Project("{FAE04EC0-301F-11D3-BF4B-00C04F79EFBC}") = "BOOP_02_12a", "BOOP_02_12a\BOOP_02_12a.csproj", "{9A9DD9DC-2A2F-4789-A88D-E370AEA64304}"
EndProject
Global
	GlobalSection(SolutionConfigurationPlatforms) = preSolution
		Debug|Any CPU = Debug|Any CPU
		Release|Any CPU = Release|Any CPU
	EndGlobalSection
	GlobalSection(ProjectConfigurationPlatforms) = postSolution
		{F8DC3283-8F0A-49BD-A7BC-25DB20546488}.Debug|Any CPU.ActiveCfg = Debug|Any CPU
		{F8DC3283-8F0A-49BD-A7BC-25DB20546488}.Debug|Any CPU.Build.0 = Debug|Any CPU
		{F8DC3283-8F0A-49BD-A7BC-25DB20546488}.Release|Any CPU.ActiveCfg = Release|Any CPU
		{F8DC3283-8F0A-49BD-A7BC-25DB20546488}.Release|Any CPU.Build.0 = Release|Any CPU
		{43782D24-F71B-4F10-9EE6-DFF0A7FCB707}.Debug|Any CPU.ActiveCfg = Debug|Any CPU
		{43782D24-F71B-4F10-9EE6-DFF0A7FCB707}.Debug|Any CPU.Build.0 = Debug|Any CPU
		{43782D24-F71B-4F10-9EE6-DFF0A7FCB707}.Release|Any CPU.ActiveCfg = Release|Any CPU
		{43782D24-F71B-4F10-9EE6-DFF0A7FCB707}.Release|Any CPU.Build.0 = Release|Any CPU
		{A86CC98F-151F-41E5-A208-7248B703C7A6}.Debug|Any CPU.ActiveCfg = Debug|Any CPU
		{A86CC98F-151F-41E5-A208-7248B703C7A6}.Debug|Any CPU.Build.0 = Debug|Any CPU
		{A86CC98F-151F-41E5-A208-7248B703C7A6}.Release|Any CPU.ActiveCfg = Release|Any CPU
		{A86CC98F-151F-41E5-A208-7248B703C7A6}.Release|Any CPU.Build.0 = Release|Any CPU
		{EE284E33-A606-47B5-A43E-692AEE320877}.Debug|Any CPU.ActiveCfg = Debug|Any CPU
		{EE284E33-A606-47B5-A43E-692AEE320877}.Debug|Any CPU.Build.0 = Debug|Any CPU
		{EE284E33-A606-47B5-A43E-692AEE320877}.Release|Any CPU.ActiveCfg = Release|Any CPU
		{EE284E33-A606-47B5-A43E-692AEE320877}.Release|Any CPU.Build.0 = Release|Any CPU
		{6BCB28D9-6953-4698-A09F-A85497F09821}.Debug|Any CPU.ActiveCfg = Debug|Any CPU
		{6BCB28D9-6953-4698-A09F-A85497F09821}.Debug|Any CPU.Build.0 = Debug|Any CPU
		{6BCB28D9-6953-4698-A09F-A85497F09821}.Release|Any CPU.ActiveCfg = Release|Any CPU
		{6BCB28D9-6953-4698-A09F-A85497F09821}.Release|Any CPU.Build.0 = Release|Any CPU
		{439ED88F-841D-4208-89EC-2993DB1983A3}.Debug|Any CPU.ActiveCfg = Debug|Any CPU
		{439ED88F-841D-4208-89EC-2993DB1983A3}.Debug|Any CPU.Build.0 = Debug|Any CPU
		{439ED88F-841D-4208-89EC-2993DB1983A3}.Release|Any CPU.ActiveCfg = Release|Any CPU
		{439ED88F-841D-4208-89EC-2993DB1983A3}.Release|Any CPU.Build.0 = Release|Any CPU
		{8B79134A-1DFB-4E7D-A088-FB606C46BECE}.Debug|Any CPU.ActiveCfg = Debug|Any CPU
		{8B79134A-1DFB-4E7D-A088-FB606C46BECE}.Debug|Any CPU.Build.0 = Debug|Any CPU
		{8B79134A-1DFB-4E7D-A088-FB606C46BECE}.Release|Any CPU.ActiveCfg = Release|Any CPU
		{8B79134A-1DFB-4E7D-A088-FB606C46BECE}.Release|Any CPU.Build.0 = Release|Any CPU
		{ECB6996B-420C-4644-825C-9991B1565166}.Debug|Any CPU.ActiveCfg = Debug|Any CPU
		{ECB6996B-420C-4644-825C-9991B1565166}.Debug|Any CPU.Build.0 = Debug|Any CPU
		{ECB6996B-420C-4644-825C-9991B1565166}.Release|Any CPU.ActiveCfg = Release|Any CPU
		{ECB6996B-420C-4644-825C-9991B1565166}.Release|Any CPU.Build.0 = Release|Any CPU
		{11C2C2FD-473B-43A8-AE78-FE9102EB7046}.Debug|Any CPU.ActiveCfg = Debug|Any CPU
		{11C2C2FD-473B-43A8-AE78-FE9102EB7046}.Debug|Any CPU.Build.0 = Debug|Any CPU
		{11C2C2FD-473B-43A8-AE78-FE9102EB7046}.Release|Any CPU.ActiveCfg = Release|Any CPU
		{11C2C2FD-473B-43A8-AE78-FE9102EB7046}.Release|Any CPU.Build.0 = Release|Any CPU
		{2DE5B18B-1231-4913-85EA-07662CCA4DFD}.Debug|Any CPU.ActiveCfg = Debug|Any CPU
		{2DE5B18B-1231-4913-85EA-07662CCA4DFD}.Debug|Any CPU.Build.0 = Debug|Any CPU
		{2DE5B18B-1231-4913-85EA-07662CCA4DFD}.Release|Any CPU.ActiveCfg = Release|Any CPU
		{2DE5B18B-1231-4913-85EA-07662CCA4DFD}.Release|Any CPU.Build.0 = Release|Any CPU
		{D2E6D8E2-1614-4F87-9DBF-54158C95737E}.Debug|Any CPU.ActiveCfg = Debug|Any CPU
		{D2E6D8E2-1614-4F87-9DBF-54158C95737E}.Debug|Any CPU.Build.0 = Debug|Any CPU
		{D2E6D8E2-1614-4F87-9DBF-54158C95737E}.Release|Any CPU.ActiveCfg = Release|Any CPU
		{D2E6D8E2-1614-4F87-9DBF-54158C95737E}.Release|Any CPU.Build.0 = Release|Any CPU
		{2BB64A25-F5BA-4888-8F09-235F526261CB}.Debug|Any CPU.ActiveCfg = Debug|Any CPU
		{2BB64A25-F5BA-4888-8F09-235F526261CB}.Debug|Any CPU.Build.0 = Debug|Any CPU
		{2BB64A25-F5BA-4888-8F09-235F526261CB}.Release|Any CPU.ActiveCfg = Release|Any CPU
		{2BB64A25-F5BA-4888-8F09-235F526261CB}.Release|Any CPU.Build.0 = Release|Any CPU
		{8FFD2DFD-CDA7-44C1-AFA0-9DDE8BCF7612}.Debug|Any CPU.ActiveCfg = Debug|Any CPU
		{8FFD2DFD-CDA7-44C1-AFA0-9DDE8BCF7612}.Debug|Any CPU.Build.0 = Debug|Any CPU
		{8FFD2DFD-CDA7-44C1-AFA0-9DDE8BCF7612}.Release|Any CPU.ActiveCfg = Release|Any CPU
		{8FFD2DFD-CDA7-44C1-AFA0-9DDE8BCF7612}.Release|Any CPU.Build.0 = Release|Any CPU
		{BBD4A2D0-2F64-40A5-BA03-DC212D8596B0}.Debug|Any CPU.ActiveCfg = Debug|Any CPU
		{BBD4A2D0-2F64-40A5-BA03-DC212D8596B0}.Debug|Any CPU.Build.0 = Debug|Any CPU
		{BBD4A2D0-2F64-40A5-BA03-DC212D8596B0}.Release|Any CPU.ActiveCfg = Release|Any CPU
		{BBD4A2D0-2F64-40A5-BA03-DC212D8596B0}.Release|Any CPU.Build.0 = Release|Any CPU
		{1EE2AC6D-5A94-4C5C-963A-20F476F140C8}.Debug|Any CPU.ActiveCfg = Debug|Any CPU
		{1EE2AC6D-5A94-4C5C-963A-20F476F140C8}.Debug|Any CPU.Build.0 = Debug|Any CPU
		{1EE2AC6D-5A94-4C5C-963A-20F476F140C8}.Release|Any CPU.ActiveCfg = Release|Any CPU
		{1EE2AC6D-5A94-4C5C-963A-20F476F140C8}.Release|Any CPU.Build.0 = Release|Any CPU
		{3CCD2AF6-55B0-444A-8F81-3FD6C8E77512}.Debug|Any CPU.ActiveCfg = Debug|Any CPU
		{3CCD2AF6-55B0-444A-8F81-3FD6C8E77512}.Debug|Any CPU.Build.0 = Debug|Any CPU
		{3CCD2AF6-55B0-444A-8F81-3FD6C8E77512}.Release|Any CPU.ActiveCfg = Release|Any CPU
		{3CCD2AF6-55B0-444A-8F81-3FD6C8E77512}.Release|Any CPU.Build.0 = Release|Any CPU
		{19C896FA-BB11-4C81-98B7-2A05AA6258B6}.Debug|Any CPU.ActiveCfg = Debug|Any CPU
		{19C896FA-BB11-4C81-98B7-2A05AA6258B6}.Debug|Any CPU.Build.0 = Debug|Any CPU
		{19C896FA-BB11-4C81-98B7-2A05AA6258B6}.Release|Any CPU.ActiveCfg = Release|Any CPU
		{19C896FA-BB11-4C81-98B7-2A05AA6258B6}.Release|Any CPU.Build.0 = Release|Any CPU
		{9A9DD9DC-2A2F-4789-A88D-E370AEA64304}.Debug|Any CPU.ActiveCfg = Debug|Any CPU
		{9A9DD9DC-2A2F-4789-A88D-E370AEA64304}.Debug|Any CPU.Build.0 = Debug|Any CPU
		{9A9DD9DC-2A2F-4789-A88D-E370AEA64304}.Release|Any CPU.ActiveCfg = Release|Any CPU
		{9A9DD9DC-2A2F-4789-A88D-E370AEA64304}.Release|Any CPU.Build.0 = Release|Any CPU
	EndGlobalSection
	GlobalSection(SolutionProperties) = preSolution
		HideSolutionNode = FALSE
	EndGlobalSection
	GlobalSection(ExtensibilityGlobals) = postSolution
		SolutionGuid = {C2DDB441-821D-4F6B-87F1-FBA9512E6B54}
	EndGlobalSection
EndGlobal
